<?xml version="1.0" encoding="utf-8"?>
<Project ToolsVersion="4.0" xmlns="http://schemas.microsoft.com/developer/msbuild/2003">
  <ItemGroup>
    <Filter Include="applications">
      <UniqueIdentifier>{8C6600BD-78C9-8F61-214F-C8170D915BE4}</UniqueIdentifier>
    </Filter>
    <Filter Include="res">
      <UniqueIdentifier>{4FA5880B-BBAE-887C-442A-9F7CB032947C}</UniqueIdentifier>
    </Filter>
    <Filter Include="res\c_shaders">
      <UniqueIdentifier>{AAD38A02-1694-0639-DFCE-4FB64B4E4B15}</UniqueIdentifier>
    </Filter>
    <Filter Include="res\images">
      <UniqueIdentifier>{34EBD737-20A3-1985-89AA-F2E07581B475}</UniqueIdentifier>
    </Filter>
    <Filter Include="res\images\neighborhoods">
      <UniqueIdentifier>{4E410B35-3A66-5AB5-63B1-3F454F3559D3}</UniqueIdentifier>
    </Filter>
    <Filter Include="res\images\neighborhoods\bacteria">
      <UniqueIdentifier>{5801B5E9-C46F-0A69-0D59-C56879060005}</UniqueIdentifier>
    </Filter>
    <Filter Include="res\images\neighborhoods\circles">
      <UniqueIdentifier>{22F9B648-0E4A-A28A-37AE-904C235E35F4}</UniqueIdentifier>
    </Filter>
    <Filter Include="res\images\neighborhoods\holes">
      <UniqueIdentifier>{B8A43104-A4CA-FB6A-8D10-813679D52037}</UniqueIdentifier>
    </Filter>
    <Filter Include="res\images\neighborhoods\mitosis">
      <UniqueIdentifier>{853CA84A-718D-938C-9AF1-814E86A126F6}</UniqueIdentifier>
    </Filter>
    <Filter Include="res\images\neighborhoods\stripes">
      <UniqueIdentifier>{67DF0632-5330-F273-7C94-E035684485DD}</UniqueIdentifier>
    </Filter>
    <Filter Include="res\images\neighborhoods\test">
      <UniqueIdentifier>{9D1AC26C-0933-A996-D2DF-38303EB73D30}</UniqueIdentifier>
    </Filter>
    <Filter Include="res\images\neighborhoods\worms">
      <UniqueIdentifier>{D52E4105-C154-0B6C-AA9A-9037965F3038}</UniqueIdentifier>
    </Filter>
    <Filter Include="res\images\textures">
      <UniqueIdentifier>{A733DD6E-1395-BA7C-9C02-012F0863F13B}</UniqueIdentifier>
    </Filter>
    <Filter Include="res\shaders">
      <UniqueIdentifier>{4841F028-B4F6-681E-3DEB-62F5A99F5F22}</UniqueIdentifier>
    </Filter>
    <Filter Include="src">
      <UniqueIdentifier>{2DAB880B-99B4-887C-2230-9F7C8E38947C}</UniqueIdentifier>
    </Filter>
    <Filter Include="src\boids">
      <UniqueIdentifier>{ED19E8B4-5984-9C2B-A2C2-4DD10E6C7A80}</UniqueIdentifier>
    </Filter>
    <Filter Include="src\cellular_automata">
      <UniqueIdentifier>{2B80D88E-97EC-9389-60E0-2BE7CC0BB6F1}</UniqueIdentifier>
    </Filter>
    <Filter Include="src\compute_shader_test">
      <UniqueIdentifier>{4E6464E0-BA9B-AC77-C3A5-109B2F5CD370}</UniqueIdentifier>
    </Filter>
    <Filter Include="src\wavefcollapse">
      <UniqueIdentifier>{08ADCC91-74C3-CA27-BD3A-564929909BAF}</UniqueIdentifier>
    </Filter>
  </ItemGroup>
  <ItemGroup>
    <ClInclude Include="applications\MNCA.h">
      <Filter>applications</Filter>
    </ClInclude>
    <ClInclude Include="applications\PhysicsTestApp.h">
      <Filter>applications</Filter>
    </ClInclude>
    <ClInclude Include="applications\WaveFuncCollapseApp.h">
      <Filter>applications</Filter>
    </ClInclude>
    <ClInclude Include="applications\boid_sim.h">
      <Filter>applications</Filter>
    </ClInclude>
    <ClInclude Include="applications\cellularAutomata.h">
      <Filter>applications</Filter>
    </ClInclude>
    <ClInclude Include="src\boids\boid.h">
      <Filter>src\boids</Filter>
    </ClInclude>
    <ClInclude Include="src\cellular_automata\CA_gpu.h">
      <Filter>src\cellular_automata</Filter>
    </ClInclude>
    <ClInclude Include="src\cellular_automata\mnca.h">
      <Filter>src\cellular_automata</Filter>
    </ClInclude>
    <ClInclude Include="src\compute_shader_test\ray_tracing.h">
      <Filter>src\compute_shader_test</Filter>
    </ClInclude>
    <ClInclude Include="src\wavefcollapse\WFC.h">
      <Filter>src\wavefcollapse</Filter>
    </ClInclude>
  </ItemGroup>
  <ItemGroup>
    <ClCompile Include="src\boids\boid.cpp">
      <Filter>src\boids</Filter>
    </ClCompile>
    <ClCompile Include="src\cellular_automata\CA_gpu.cpp">
      <Filter>src\cellular_automata</Filter>
    </ClCompile>
    <ClCompile Include="src\cellular_automata\mnca.cpp">
      <Filter>src\cellular_automata</Filter>
    </ClCompile>
    <ClCompile Include="src\compute_shader_test\ray_tracing.cpp">
      <Filter>src\compute_shader_test</Filter>
    </ClCompile>
    <ClCompile Include="src\main.cpp">
      <Filter>src</Filter>
    </ClCompile>
    <ClCompile Include="src\wavefcollapse\WFC.cpp">
      <Filter>src\wavefcollapse</Filter>
    </ClCompile>
  </ItemGroup>
  <ItemGroup>
    <None Include="res\c_shaders\b_reaction.glsl">
      <Filter>res\c_shaders</Filter>
    </None>
    <None Include="res\c_shaders\gameoflife.glsl">
      <Filter>res\c_shaders</Filter>
    </None>
    <None Include="res\c_shaders\mnca.glsl">
      <Filter>res\c_shaders</Filter>
    </None>
    <None Include="res\c_shaders\ray_trace.glsl">
      <Filter>res\c_shaders</Filter>
    </None>
    <None Include="res\c_shaders\reaction.glsl">
      <Filter>res\c_shaders</Filter>
    </None>
    <None Include="res\c_shaders\wolfram.glsl">
      <Filter>res\c_shaders</Filter>
    </None>
    <None Include="res\images\neighborhoods\bacteria\rules.txt">
      <Filter>res\images\neighborhoods\bacteria</Filter>
    </None>
    <None Include="res\images\neighborhoods\circles\rules.txt">
      <Filter>res\images\neighborhoods\circles</Filter>
    </None>
    <None Include="res\images\neighborhoods\holes\rules.txt">
      <Filter>res\images\neighborhoods\holes</Filter>
    </None>
    <None Include="res\images\neighborhoods\mitosis\rules.txt">
      <Filter>res\images\neighborhoods\mitosis</Filter>
    </None>
    <None Include="res\images\neighborhoods\stripes\rules.txt">
      <Filter>res\images\neighborhoods\stripes</Filter>
    </None>
    <None Include="res\images\neighborhoods\worms\rules.txt">
      <Filter>res\images\neighborhoods\worms</Filter>
    </None>
    <None Include="res\shaders\circle.glsl">
      <Filter>res\shaders</Filter>
    </None>
    <None Include="res\shaders\f_frag.glsl">
      <Filter>res\shaders</Filter>
    </None>
    <None Include="res\shaders\f_vert.glsl">
      <Filter>res\shaders</Filter>
    </None>
    <None Include="res\shaders\quad.glsl">
      <Filter>res\shaders</Filter>
    </None>
    <None Include="res\shaders\vert.glsl">
      <Filter>res\shaders</Filter>
    </None>
  </ItemGroup>
  <ItemGroup>
    <Image Include="res\images\neighborhoods\bacteria\nh1.png">
      <Filter>res\images\neighborhoods\bacteria</Filter>
    </Image>
    <Image Include="res\images\neighborhoods\bacteria\nh2.png">
      <Filter>res\images\neighborhoods\bacteria</Filter>
    </Image>
    <Image Include="res\images\neighborhoods\bacteria\nh3.png">
      <Filter>res\images\neighborhoods\bacteria</Filter>
    </Image>
    <Image Include="res\images\neighborhoods\bacteria\nh4.png">
      <Filter>res\images\neighborhoods\bacteria</Filter>
    </Image>
    <Image Include="res\images\neighborhoods\circles\nh1.png">
      <Filter>res\images\neighborhoods\circles</Filter>
    </Image>
    <Image Include="res\images\neighborhoods\circles\nh2.png">
      <Filter>res\images\neighborhoods\circles</Filter>
    </Image>
    <Image Include="res\images\neighborhoods\circles\nh3.png">
      <Filter>res\images\neighborhoods\circles</Filter>
    </Image>
    <Image Include="res\images\neighborhoods\circles\nh4.png">
      <Filter>res\images\neighborhoods\circles</Filter>
    </Image>
    <Image Include="res\images\neighborhoods\holes\nh1.png">
      <Filter>res\images\neighborhoods\holes</Filter>
    </Image>
    <Image Include="res\images\neighborhoods\holes\nh2.png">
      <Filter>res\images\neighborhoods\holes</Filter>
    </Image>
    <Image Include="res\images\neighborhoods\holes\nh3.png">
      <Filter>res\images\neighborhoods\holes</Filter>
    </Image>
    <Image Include="res\images\neighborhoods\holes\nh4.png">
      <Filter>res\images\neighborhoods\holes</Filter>
    </Image>
    <Image Include="res\images\neighborhoods\mitosis\nh1.png">
      <Filter>res\images\neighborhoods\mitosis</Filter>
    </Image>
    <Image Include="res\images\neighborhoods\mitosis\nh2.png">
      <Filter>res\images\neighborhoods\mitosis</Filter>
    </Image>
    <Image Include="res\images\neighborhoods\mitosis\nh3.png">
      <Filter>res\images\neighborhoods\mitosis</Filter>
    </Image>
    <Image Include="res\images\neighborhoods\mitosis\nh4.png">
      <Filter>res\images\neighborhoods\mitosis</Filter>
    </Image>
    <Image Include="res\images\neighborhoods\stripes\nh1.png">
      <Filter>res\images\neighborhoods\stripes</Filter>
    </Image>
    <Image Include="res\images\neighborhoods\stripes\nh2.png">
      <Filter>res\images\neighborhoods\stripes</Filter>
    </Image>
    <Image Include="res\images\neighborhoods\test\nh1.png">
      <Filter>res\images\neighborhoods\test</Filter>
    </Image>
    <Image Include="res\images\neighborhoods\test\nh2.png">
      <Filter>res\images\neighborhoods\test</Filter>
    </Image>
    <Image Include="res\images\neighborhoods\test\nh3.png">
      <Filter>res\images\neighborhoods\test</Filter>
    </Image>
    <Image Include="res\images\neighborhoods\test\nh4.png">
      <Filter>res\images\neighborhoods\test</Filter>
    </Image>
    <Image Include="res\images\neighborhoods\worms\nh1.png">
      <Filter>res\images\neighborhoods\worms</Filter>
    </Image>
    <Image Include="res\images\neighborhoods\worms\nh2.png">
      <Filter>res\images\neighborhoods\worms</Filter>
    </Image>
    <Image Include="res\images\neighborhoods\worms\nh3.png">
      <Filter>res\images\neighborhoods\worms</Filter>
    </Image>
    <Image Include="res\images\reactionState.png">
      <Filter>res\images</Filter>
    </Image>
    <Image Include="res\images\test.png">
      <Filter>res\images</Filter>
    </Image>
    <Image Include="res\images\test2.png">
      <Filter>res\images</Filter>
    </Image>
    <Image Include="res\images\textures\test.png">
      <Filter>res\images\textures</Filter>
    </Image>
    <Image Include="res\images\wolfram.png">
      <Filter>res\images</Filter>
    </Image>
  </ItemGroup>
</Project>