<?xml version="1.0" encoding="utf-8"?>
<Project ToolsVersion="4.0" xmlns="http://schemas.microsoft.com/developer/msbuild/2003">
  <ItemGroup>
    <Filter Include="boids">
      <UniqueIdentifier>{960B2B0F-0220-53C0-CBA1-F61F37754FF1}</UniqueIdentifier>
    </Filter>
    <Filter Include="cellular_automata">
      <UniqueIdentifier>{5437CA39-C04D-C8CF-09C5-53F1751A9957}</UniqueIdentifier>
    </Filter>
    <Filter Include="compute_shader_test">
      <UniqueIdentifier>{B789A00E-23EB-7D1C-AC58-C4CE18B9B4DB}</UniqueIdentifier>
    </Filter>
    <Filter Include="wavefcollapse">
      <UniqueIdentifier>{B137971A-1DF8-1251-E632-5CCE52B2572D}</UniqueIdentifier>
    </Filter>
  </ItemGroup>
  <ItemGroup>
    <ClInclude Include="src\boids\boid.h">
      <Filter>boids</Filter>
    </ClInclude>
    <ClInclude Include="src\cellular_automata\CA_gpu.h">
      <Filter>cellular_automata</Filter>
    </ClInclude>
    <ClInclude Include="src\cellular_automata\mnca.h">
      <Filter>cellular_automata</Filter>
    </ClInclude>
    <ClInclude Include="src\compute_shader_test\ray_tracing.h">
      <Filter>compute_shader_test</Filter>
    </ClInclude>
    <ClInclude Include="src\wavefcollapse\WFC.h">
      <Filter>wavefcollapse</Filter>
    </ClInclude>
  </ItemGroup>
  <ItemGroup>
    <ClCompile Include="src\boids\boid.cpp">
      <Filter>boids</Filter>
    </ClCompile>
    <ClCompile Include="src\cellular_automata\CA_gpu.cpp">
      <Filter>cellular_automata</Filter>
    </ClCompile>
    <ClCompile Include="src\cellular_automata\mnca.cpp">
      <Filter>cellular_automata</Filter>
    </ClCompile>
    <ClCompile Include="src\compute_shader_test\ray_tracing.cpp">
      <Filter>compute_shader_test</Filter>
    </ClCompile>
    <ClCompile Include="src\main.cpp" />
    <ClCompile Include="src\wavefcollapse\WFC.cpp">
      <Filter>wavefcollapse</Filter>
    </ClCompile>
  </ItemGroup>
</Project>