<?xml version="1.0" encoding="utf-8"?>
<Project ToolsVersion="4.0" xmlns="http://schemas.microsoft.com/developer/msbuild/2003">
  <ItemGroup>
    <Filter Include="src">
      <UniqueIdentifier>{4FC737F1-C7A5-4376-A066-2A32D752A2FF}</UniqueIdentifier>
      <Extensions>cpp;c;cc;cxx;c++;cppm;ixx;def;odl;idl;hpj;bat;asm;asmx</Extensions>
    </Filter>
  </ItemGroup>
  <ItemGroup>
    <ClCompile Include="src\main.cpp">
      <Filter>src</Filter>
    </ClCompile>
    <ClCompile Include="src\boids\boid.cpp">
      <Filter>src</Filter>
    </ClCompile>
    <ClCompile Include="src\compute_shader_test\ray_tracing.cpp">
      <Filter>src</Filter>
    </ClCompile>
    <ClCompile Include="src\cellular_automata\CA_gpu.cpp">
      <Filter>src</Filter>
    </ClCompile>
    <ClCompile Include="src\cellular_automata\mnca.cpp">
      <Filter>src</Filter>
    </ClCompile>
    <ClCompile Include="src\wavefcollapse\WFC.cpp">
      <Filter>src</Filter>
    </ClCompile>
    <ClCompile Include="applications\boid_sim.h">
      <Filter>src</Filter>
    </ClCompile>
    <ClCompile Include="applications\cellularAutomata.h">
      <Filter>src</Filter>
    </ClCompile>
    <ClCompile Include="applications\WaveFuncCollapseApp.h">
      <Filter>src</Filter>
    </ClCompile>
  </ItemGroup>
  <ItemGroup>
    <None Include="res\shaders\circle.glsl" />
    <None Include="res\shaders\quad.glsl" />
    <None Include="res\shaders\vert.glsl" />
    <None Include="res\c_shaders\ray_trace.glsl" />
    <None Include="res\shaders\f_vert.glsl" />
    <None Include="res\shaders\f_frag.glsl" />
    <None Include="res\c_shaders\gameoflife.glsl" />
    <None Include="res\c_shaders\wolfram.glsl" />
    <None Include="res\c_shaders\dla.glsl" />
    <None Include="res\c_shaders\b_reaction.glsl" />
    <None Include="res\c_shaders\reaction.glsl" />
    <None Include="res\c_shaders\mnca.glsl" />
  </ItemGroup>
  <ItemGroup>
    <ClInclude Include="src\boids\boid.h" />
    <ClInclude Include="src\compute_shader_test\ray_tracing.h" />
    <ClInclude Include="src\cellular_automata\CA_gpu.h" />
    <ClInclude Include="src\cellular_automata\mnca.h" />
    <ClInclude Include="src\wavefcollapse\WFC.h" />
    <ClInclude Include="applications\MNCA.h" />
  </ItemGroup>
  <ItemGroup>
    <Image Include="res\images\reactionState.png" />
    <Image Include="res\images\test.png" />
    <Image Include="res\images\test2.png" />
    <Image Include="res\images\wolfram.png" />
    <Image Include="res\images\textures\test.png" />
  </ItemGroup>
</Project>