<?xml version="1.0" encoding="utf-8"?>
<Project ToolsVersion="4.0" xmlns="http://schemas.microsoft.com/developer/msbuild/2003">
  <ItemGroup>
    <Filter Include="libraries">
      <UniqueIdentifier>{22796F86-8EE3-23FD-D721-D5A243CB0152}</UniqueIdentifier>
    </Filter>
    <Filter Include="libraries\include">
      <UniqueIdentifier>{95A2ECC9-01B9-EA5F-4A30-7681B685BBE7}</UniqueIdentifier>
    </Filter>
    <Filter Include="libraries\include\GLFW">
      <UniqueIdentifier>{F4422D20-E03C-5672-C9A9-EC82B542BCDE}</UniqueIdentifier>
    </Filter>
    <Filter Include="libraries\include\KHR">
      <UniqueIdentifier>{89F3105E-F55F-CC58-BE53-64B62A7FEEC0}</UniqueIdentifier>
    </Filter>
    <Filter Include="libraries\include\glad">
      <UniqueIdentifier>{BC5A3F20-A854-6872-91C1-FE827D5ACEDE}</UniqueIdentifier>
    </Filter>
    <Filter Include="libraries\include\stb">
      <UniqueIdentifier>{6DA3115E-D90F-CD58-A203-65B60E2FEFC0}</UniqueIdentifier>
    </Filter>
    <Filter Include="libraries\lib">
      <UniqueIdentifier>{48D906B6-B499-82EC-7DD4-CB69E953C7C8}</UniqueIdentifier>
    </Filter>
    <Filter Include="libraries\src">
      <UniqueIdentifier>{39F806B6-A5B8-82EC-6EF3-CB69DA72C7C8}</UniqueIdentifier>
    </Filter>
    <Filter Include="src">
      <UniqueIdentifier>{2DAB880B-99B4-887C-2230-9F7C8E38947C}</UniqueIdentifier>
    </Filter>
    <Filter Include="src\core">
      <UniqueIdentifier>{C55F2ECF-B12C-89DA-DA45-7782C671BE68}</UniqueIdentifier>
    </Filter>
    <Filter Include="src\math">
      <UniqueIdentifier>{46A033CF-326D-8EDA-5B86-7C8247B2C368}</UniqueIdentifier>
    </Filter>
    <Filter Include="src\physics">
      <UniqueIdentifier>{BF23DBB5-2BD9-53AB-B4CD-4D8220824AAF}</UniqueIdentifier>
    </Filter>
    <Filter Include="src\renderer">
      <UniqueIdentifier>{936D1A48-7FD0-A9EC-2856-E2A21498756F}</UniqueIdentifier>
    </Filter>
    <Filter Include="src\scene">
      <UniqueIdentifier>{2A1615B6-9680-C92C-DFBE-7AD24B68A781}</UniqueIdentifier>
    </Filter>
    <Filter Include="src\utils">
      <UniqueIdentifier>{6DAA42B6-D914-F72C-2253-A8D28EFCD481}</UniqueIdentifier>
    </Filter>
    <Filter Include="src\window">
      <UniqueIdentifier>{94D77D82-808F-BFCF-E996-982BD56D5AC0}</UniqueIdentifier>
    </Filter>
  </ItemGroup>
  <ItemGroup>
    <ClInclude Include="libraries\include\GLFW\glfw3.h">
      <Filter>libraries\include\GLFW</Filter>
    </ClInclude>
    <ClInclude Include="libraries\include\GLFW\glfw3native.h">
      <Filter>libraries\include\GLFW</Filter>
    </ClInclude>
    <ClInclude Include="libraries\include\KHR\khrplatform.h">
      <Filter>libraries\include\KHR</Filter>
    </ClInclude>
    <ClInclude Include="libraries\include\glad\glad.h">
      <Filter>libraries\include\glad</Filter>
    </ClInclude>
    <ClInclude Include="libraries\include\stb\stb_image.h">
      <Filter>libraries\include\stb</Filter>
    </ClInclude>
    <ClInclude Include="src\core\Application.h">
      <Filter>src\core</Filter>
    </ClInclude>
    <ClInclude Include="src\core\Log.h">
      <Filter>src\core</Filter>
    </ClInclude>
    <ClInclude Include="src\core\core.h">
      <Filter>src\core</Filter>
    </ClInclude>
    <ClInclude Include="src\core\entry.h">
      <Filter>src\core</Filter>
    </ClInclude>
    <ClInclude Include="src\math\math.h">
      <Filter>src\math</Filter>
    </ClInclude>
    <ClInclude Include="src\pch.h">
      <Filter>src</Filter>
    </ClInclude>
    <ClInclude Include="src\physics\physics2d.h">
      <Filter>src\physics</Filter>
    </ClInclude>
    <ClInclude Include="src\physx2d.h">
      <Filter>src</Filter>
    </ClInclude>
    <ClInclude Include="src\renderer\Buffer.h">
      <Filter>src\renderer</Filter>
    </ClInclude>
    <ClInclude Include="src\renderer\framebuffer.h">
      <Filter>src\renderer</Filter>
    </ClInclude>
    <ClInclude Include="src\renderer\instancedRenderer.h">
      <Filter>src\renderer</Filter>
    </ClInclude>
    <ClInclude Include="src\renderer\renderer2D.h">
      <Filter>src\renderer</Filter>
    </ClInclude>
    <ClInclude Include="src\renderer\shader.h">
      <Filter>src\renderer</Filter>
    </ClInclude>
    <ClInclude Include="src\renderer\texture.h">
      <Filter>src\renderer</Filter>
    </ClInclude>
    <ClInclude Include="src\renderer\vao.h">
      <Filter>src\renderer</Filter>
    </ClInclude>
    <ClInclude Include="src\scene\camera.h">
      <Filter>src\scene</Filter>
    </ClInclude>
    <ClInclude Include="src\scene\components.h">
      <Filter>src\scene</Filter>
    </ClInclude>
    <ClInclude Include="src\scene\ecsmanager.h">
      <Filter>src\scene</Filter>
    </ClInclude>
    <ClInclude Include="src\scene\entity.h">
      <Filter>src\scene</Filter>
    </ClInclude>
    <ClInclude Include="src\scene\world.h">
      <Filter>src\scene</Filter>
    </ClInclude>
    <ClInclude Include="src\utils\ComputeShader.h">
      <Filter>src\utils</Filter>
    </ClInclude>
    <ClInclude Include="src\utils\defaults.h">
      <Filter>src\utils</Filter>
    </ClInclude>
    <ClInclude Include="src\utils\quadtree.h">
      <Filter>src\utils</Filter>
    </ClInclude>
    <ClInclude Include="src\utils\time.h">
      <Filter>src\utils</Filter>
    </ClInclude>
    <ClInclude Include="src\utils\utils.h">
      <Filter>src\utils</Filter>
    </ClInclude>
    <ClInclude Include="src\window\window.h">
      <Filter>src\window</Filter>
    </ClInclude>
  </ItemGroup>
  <ItemGroup>
    <ClCompile Include="libraries\src\glad.c">
      <Filter>libraries\src</Filter>
    </ClCompile>
    <ClCompile Include="libraries\src\stb_image.cpp">
      <Filter>libraries\src</Filter>
    </ClCompile>
    <ClCompile Include="src\core\Application.cpp">
      <Filter>src\core</Filter>
    </ClCompile>
    <ClCompile Include="src\math\math.cpp">
      <Filter>src\math</Filter>
    </ClCompile>
    <ClCompile Include="src\pch.cpp">
      <Filter>src</Filter>
    </ClCompile>
    <ClCompile Include="src\physics\physics2d.cpp">
      <Filter>src\physics</Filter>
    </ClCompile>
    <ClCompile Include="src\renderer\Buffer.cpp">
      <Filter>src\renderer</Filter>
    </ClCompile>
    <ClCompile Include="src\renderer\framebuffer.cpp">
      <Filter>src\renderer</Filter>
    </ClCompile>
    <ClCompile Include="src\renderer\instancedRenderer.cpp">
      <Filter>src\renderer</Filter>
    </ClCompile>
    <ClCompile Include="src\renderer\renderer2D.cpp">
      <Filter>src\renderer</Filter>
    </ClCompile>
    <ClCompile Include="src\renderer\shader.cpp">
      <Filter>src\renderer</Filter>
    </ClCompile>
    <ClCompile Include="src\renderer\texture.cpp">
      <Filter>src\renderer</Filter>
    </ClCompile>
    <ClCompile Include="src\renderer\vao.cpp">
      <Filter>src\renderer</Filter>
    </ClCompile>
    <ClCompile Include="src\scene\camera.cpp">
      <Filter>src\scene</Filter>
    </ClCompile>
    <ClCompile Include="src\scene\entity.cpp">
      <Filter>src\scene</Filter>
    </ClCompile>
    <ClCompile Include="src\scene\world.cpp">
      <Filter>src\scene</Filter>
    </ClCompile>
    <ClCompile Include="src\utils\ComputeShader.cpp">
      <Filter>src\utils</Filter>
    </ClCompile>
    <ClCompile Include="src\utils\defaults.cpp">
      <Filter>src\utils</Filter>
    </ClCompile>
    <ClCompile Include="src\utils\quadtree.cpp">
      <Filter>src\utils</Filter>
    </ClCompile>
    <ClCompile Include="src\utils\time.cpp">
      <Filter>src\utils</Filter>
    </ClCompile>
    <ClCompile Include="src\utils\utils.cpp">
      <Filter>src\utils</Filter>
    </ClCompile>
    <ClCompile Include="src\window\window.cpp">
      <Filter>src\window</Filter>
    </ClCompile>
  </ItemGroup>
  <ItemGroup>
    <None Include="libraries\lib\glfw3.lib">
      <Filter>libraries\lib</Filter>
    </None>
  </ItemGroup>
</Project>